Microsoft Visual Studio Solution File, Format Version 12.00
# Visual Studio Version 17
VisualStudioVersion = 17.5.2.0
MinimumVisualStudioVersion = 10.0.40219.1
Project("{FAE04EC0-301F-11D3-BF4B-00C04F79EFBC}") = "SearchServiceEngine", "SearchServiceEngine\SearchServiceEngine.csproj", "{801C20D4-1FC5-90CB-AEAE-68C57BCA28F4}"
EndProject
Project("{FAE04EC0-301F-11D3-BF4B-00C04F79EFBC}") = "SearchServiceEngine.Tests", "SearchServiceEngine.Tests\SearchServiceEngine.Tests.csproj", "{55EB4104-D6BE-A3E2-AD87-DEEBA98C3B85}"
EndProject
Global
	GlobalSection(SolutionConfigurationPlatforms) = preSolution
		Debug|Any CPU = Debug|Any CPU
		Release|Any CPU = Release|Any CPU
	EndGlobalSection
	GlobalSection(ProjectConfigurationPlatforms) = postSolution
		{801C20D4-1FC5-90CB-AEAE-68C57BCA28F4}.Debug|Any CPU.ActiveCfg = Debug|Any CPU
		{801C20D4-1FC5-90CB-AEAE-68C57BCA28F4}.Debug|Any CPU.Build.0 = Debug|Any CPU
		{801C20D4-1FC5-90CB-AEAE-68C57BCA28F4}.Release|Any CPU.ActiveCfg = Release|Any CPU
		{801C20D4-1FC5-90CB-AEAE-68C57BCA28F4}.Release|Any CPU.Build.0 = Release|Any CPU
		{55EB4104-D6BE-A3E2-AD87-DEEBA98C3B85}.Debug|Any CPU.ActiveCfg = Debug|Any CPU
		{55EB4104-D6BE-A3E2-AD87-DEEBA98C3B85}.Debug|Any CPU.Build.0 = Debug|Any CPU
		{55EB4104-D6BE-A3E2-AD87-DEEBA98C3B85}.Release|Any CPU.ActiveCfg = Release|Any CPU
		{55EB4104-D6BE-A3E2-AD87-DEEBA98C3B85}.Release|Any CPU.Build.0 = Release|Any CPU
	EndGlobalSection
	GlobalSection(SolutionProperties) = preSolution
		HideSolutionNode = FALSE
	EndGlobalSection
	GlobalSection(ExtensibilityGlobals) = postSolution
		SolutionGuid = {FD833000-71AA-4C5F-BF62-6895A79E8E23}
	EndGlobalSection
EndGlobal
